schema: '2.0'
stages:
  preprocess:
    cmd: python3 src/preprocessing.py --input-dir data/raw --output-dir 
      data/processed --image-size 224 --train-ratio 0.8 --val-ratio 0.1 --seed 
      42
    deps:
    - path: data/raw
      hash: md5
      md5: 393ee0ed25397c7c75be7e13f15972d9.dir
      size: 848872558
      nfiles: 24999
    - path: src/preprocessing.py
      hash: md5
      md5: 2021f4e9fed7d07daab21b735bd0139b
      size: 3618
    outs:
    - path: data/processed
      hash: md5
      md5: cbcf71fa01f81b0f5082c6f3e5aabce0.dir
      size: 565082204
      nfiles: 24999
